// !$*UTF8*$!
{
	archiveVersion = 1;
	classes = {
	};
	objectVersion = 51;
	objects = {

/* Begin PBXBuildFile section */
		B09BE4109D8D33572C28841C /* Pods_DarkModeDemo.framework in Frameworks */ = {isa = PBXBuildFile; fileRef = 5985E5108BA7005C908096BF /* Pods_DarkModeDemo.framework */; };
		F741E46A24AEC55D00560B1B /* NavigationController.swift in Sources */ = {isa = PBXBuildFile; fileRef = F741E46924AEC55D00560B1B /* NavigationController.swift */; };
		F76BC2EC24A87297000D21F6 /* Assets.xcassets in Resources */ = {isa = PBXBuildFile; fileRef = F76BC2E624A87297000D21F6 /* Assets.xcassets */; };
		F76BC2ED24A87297000D21F6 /* LaunchScreen.storyboard in Resources */ = {isa = PBXBuildFile; fileRef = F76BC2E724A87297000D21F6 /* LaunchScreen.storyboard */; };
		F76BC2EE24A87297000D21F6 /* Main.storyboard in Resources */ = {isa = PBXBuildFile; fileRef = F76BC2E924A87297000D21F6 /* Main.storyboard */; };
		F76BC2F324A872B2000D21F6 /* AppDelegate.swift in Sources */ = {isa = PBXBuildFile; fileRef = F76BC2F124A872B1000D21F6 /* AppDelegate.swift */; };
		F76BC2F424A872B2000D21F6 /* SceneDelegate.swift in Sources */ = {isa = PBXBuildFile; fileRef = F76BC2F224A872B1000D21F6 /* SceneDelegate.swift */; };
		F76BC2F824A872E2000D21F6 /* TabBarController.swift in Sources */ = {isa = PBXBuildFile; fileRef = F76BC2F724A872E2000D21F6 /* TabBarController.swift */; };
		F76BC2FB24A872FD000D21F6 /* Color+DarkMode.swift in Sources */ = {isa = PBXBuildFile; fileRef = F76BC2FA24A872FD000D21F6 /* Color+DarkMode.swift */; };
		F76BC30124A8792E000D21F6 /* HomeViewController.swift in Sources */ = {isa = PBXBuildFile; fileRef = F76BC30024A8792E000D21F6 /* HomeViewController.swift */; };
		F76BC30324A8793A000D21F6 /* SettingViewController.swift in Sources */ = {isa = PBXBuildFile; fileRef = F76BC30224A8793A000D21F6 /* SettingViewController.swift */; };
		F7AC355E24BDEEAD00D9F4C2 /* LessionsController.swift in Sources */ = {isa = PBXBuildFile; fileRef = F7AC355C24BDE58C00D9F4C2 /* LessionsController.swift */; };
		F7AC356024BDF23400D9F4C2 /* Lessions.storyboard in Resources */ = {isa = PBXBuildFile; fileRef = F7AC355F24BDF23400D9F4C2 /* Lessions.storyboard */; };
		F7AC356224BE960700D9F4C2 /* LessionIntroductionCell.swift in Sources */ = {isa = PBXBuildFile; fileRef = F7AC356124BE960700D9F4C2 /* LessionIntroductionCell.swift */; };
		F7AC356424BE967100D9F4C2 /* LessionIntroductionCell.xib in Resources */ = {isa = PBXBuildFile; fileRef = F7AC356324BE967100D9F4C2 /* LessionIntroductionCell.xib */; };
		F7AC356624BEB24C00D9F4C2 /* LessionsListCell.swift in Sources */ = {isa = PBXBuildFile; fileRef = F7AC356524BEB24C00D9F4C2 /* LessionsListCell.swift */; };
		F7AC356B24BF4EBA00D9F4C2 /* AudioTool.swift in Sources */ = {isa = PBXBuildFile; fileRef = F7AC356A24BF4EBA00D9F4C2 /* AudioTool.swift */; };
		F7AC356D24BFD47300D9F4C2 /* LessionsListCell.xib in Resources */ = {isa = PBXBuildFile; fileRef = F7AC356C24BFD47300D9F4C2 /* LessionsListCell.xib */; };
		F7AC358B24BFE71200D9F4C2 /* InfoManager.swift in Sources */ = {isa = PBXBuildFile; fileRef = F7AC358A24BFE71200D9F4C2 /* InfoManager.swift */; };
/* End PBXBuildFile section */

/* Begin PBXFileReference section */
		5985E5108BA7005C908096BF /* Pods_DarkModeDemo.framework */ = {isa = PBXFileReference; explicitFileType = wrapper.framework; includeInIndex = 0; path = Pods_DarkModeDemo.framework; sourceTree = BUILT_PRODUCTS_DIR; };
		8A08043DE06A077FDBEC9AF0 /* Pods-DarkModeDemo.release.xcconfig */ = {isa = PBXFileReference; includeInIndex = 1; lastKnownFileType = text.xcconfig; name = "Pods-DarkModeDemo.release.xcconfig"; path = "Target Support Files/Pods-DarkModeDemo/Pods-DarkModeDemo.release.xcconfig"; sourceTree = "<group>"; };
		F741E46924AEC55D00560B1B /* NavigationController.swift */ = {isa = PBXFileReference; lastKnownFileType = sourcecode.swift; path = NavigationController.swift; sourceTree = "<group>"; };
		F76BC2C824A8352B000D21F6 /* DarkModeDemo.app */ = {isa = PBXFileReference; explicitFileType = wrapper.application; includeInIndex = 0; path = DarkModeDemo.app; sourceTree = BUILT_PRODUCTS_DIR; };
		F76BC2D924A8352B000D21F6 /* Info.plist */ = {isa = PBXFileReference; lastKnownFileType = text.plist.xml; path = Info.plist; sourceTree = "<group>"; };
		F76BC2E624A87297000D21F6 /* Assets.xcassets */ = {isa = PBXFileReference; lastKnownFileType = folder.assetcatalog; path = Assets.xcassets; sourceTree = "<group>"; };
		F76BC2E824A87297000D21F6 /* Base */ = {isa = PBXFileReference; lastKnownFileType = file.storyboard; name = Base; path = Base.lproj/LaunchScreen.storyboard; sourceTree = "<group>"; };
		F76BC2EA24A87297000D21F6 /* Base */ = {isa = PBXFileReference; lastKnownFileType = file.storyboard; name = Base; path = Base.lproj/Main.storyboard; sourceTree = "<group>"; };
		F76BC2F124A872B1000D21F6 /* AppDelegate.swift */ = {isa = PBXFileReference; fileEncoding = 4; lastKnownFileType = sourcecode.swift; path = AppDelegate.swift; sourceTree = "<group>"; };
		F76BC2F224A872B1000D21F6 /* SceneDelegate.swift */ = {isa = PBXFileReference; fileEncoding = 4; lastKnownFileType = sourcecode.swift; path = SceneDelegate.swift; sourceTree = "<group>"; };
		F76BC2F724A872E2000D21F6 /* TabBarController.swift */ = {isa = PBXFileReference; fileEncoding = 4; lastKnownFileType = sourcecode.swift; path = TabBarController.swift; sourceTree = "<group>"; };
		F76BC2FA24A872FD000D21F6 /* Color+DarkMode.swift */ = {isa = PBXFileReference; fileEncoding = 4; lastKnownFileType = sourcecode.swift; path = "Color+DarkMode.swift"; sourceTree = "<group>"; };
		F76BC30024A8792E000D21F6 /* HomeViewController.swift */ = {isa = PBXFileReference; lastKnownFileType = sourcecode.swift; path = HomeViewController.swift; sourceTree = "<group>"; };
		F76BC30224A8793A000D21F6 /* SettingViewController.swift */ = {isa = PBXFileReference; lastKnownFileType = sourcecode.swift; path = SettingViewController.swift; sourceTree = "<group>"; };
		F7AC355C24BDE58C00D9F4C2 /* LessionsController.swift */ = {isa = PBXFileReference; lastKnownFileType = sourcecode.swift; path = LessionsController.swift; sourceTree = "<group>"; };
		F7AC355F24BDF23400D9F4C2 /* Lessions.storyboard */ = {isa = PBXFileReference; lastKnownFileType = file.storyboard; path = Lessions.storyboard; sourceTree = "<group>"; };
		F7AC356124BE960700D9F4C2 /* LessionIntroductionCell.swift */ = {isa = PBXFileReference; lastKnownFileType = sourcecode.swift; path = LessionIntroductionCell.swift; sourceTree = "<group>"; };
		F7AC356324BE967100D9F4C2 /* LessionIntroductionCell.xib */ = {isa = PBXFileReference; lastKnownFileType = file.xib; path = LessionIntroductionCell.xib; sourceTree = "<group>"; };
		F7AC356524BEB24C00D9F4C2 /* LessionsListCell.swift */ = {isa = PBXFileReference; lastKnownFileType = sourcecode.swift; path = LessionsListCell.swift; sourceTree = "<group>"; };
		F7AC356A24BF4EBA00D9F4C2 /* AudioTool.swift */ = {isa = PBXFileReference; lastKnownFileType = sourcecode.swift; path = AudioTool.swift; sourceTree = "<group>"; };
		F7AC356C24BFD47300D9F4C2 /* LessionsListCell.xib */ = {isa = PBXFileReference; lastKnownFileType = file.xib; path = LessionsListCell.xib; sourceTree = "<group>"; };
		F7AC358A24BFE71200D9F4C2 /* InfoManager.swift */ = {isa = PBXFileReference; lastKnownFileType = sourcecode.swift; path = InfoManager.swift; sourceTree = "<group>"; };
		FD12026CFACC4482BFCC0890 /* Pods-DarkModeDemo.debug.xcconfig */ = {isa = PBXFileReference; includeInIndex = 1; lastKnownFileType = text.xcconfig; name = "Pods-DarkModeDemo.debug.xcconfig"; path = "Target Support Files/Pods-DarkModeDemo/Pods-DarkModeDemo.debug.xcconfig"; sourceTree = "<group>"; };
/* End PBXFileReference section */

/* Begin PBXFrameworksBuildPhase section */
		F76BC2C524A8352B000D21F6 /* Frameworks */ = {
			isa = PBXFrameworksBuildPhase;
			buildActionMask = 2147483647;
			files = (
				B09BE4109D8D33572C28841C /* Pods_DarkModeDemo.framework in Frameworks */,
			);
			runOnlyForDeploymentPostprocessing = 0;
		};
/* End PBXFrameworksBuildPhase section */

/* Begin PBXGroup section */
		AB0FBEE836D621BD5095F748 /* Frameworks */ = {
			isa = PBXGroup;
			children = (
				5985E5108BA7005C908096BF /* Pods_DarkModeDemo.framework */,
			);
			name = Frameworks;
			sourceTree = "<group>";
		};
		C3FEEB9BAFFC607B99E5F039 /* Pods */ = {
			isa = PBXGroup;
			children = (
				FD12026CFACC4482BFCC0890 /* Pods-DarkModeDemo.debug.xcconfig */,
				8A08043DE06A077FDBEC9AF0 /* Pods-DarkModeDemo.release.xcconfig */,
			);
			path = Pods;
			sourceTree = "<group>";
		};
		F76BC2BF24A8352A000D21F6 = {
			isa = PBXGroup;
			children = (
				F76BC2CA24A8352B000D21F6 /* DarkModeDemo */,
				F76BC2C924A8352B000D21F6 /* Products */,
				C3FEEB9BAFFC607B99E5F039 /* Pods */,
				AB0FBEE836D621BD5095F748 /* Frameworks */,
			);
			sourceTree = "<group>";
		};
		F76BC2C924A8352B000D21F6 /* Products */ = {
			isa = PBXGroup;
			children = (
				F76BC2C824A8352B000D21F6 /* DarkModeDemo.app */,
			);
			name = Products;
			sourceTree = "<group>";
		};
		F76BC2CA24A8352B000D21F6 /* DarkModeDemo */ = {
			isa = PBXGroup;
			children = (
				F76BC2F524A872E2000D21F6 /* DarkModeAdapterDemo */,
				F76BC2F024A872B1000D21F6 /* Entrance */,
				F76BC2E524A87297000D21F6 /* SupportingFiles */,
			);
			path = DarkModeDemo;
			sourceTree = "<group>";
		};
		F76BC2E524A87297000D21F6 /* SupportingFiles */ = {
			isa = PBXGroup;
			children = (
				F76BC2D924A8352B000D21F6 /* Info.plist */,
				F76BC2E624A87297000D21F6 /* Assets.xcassets */,
				F76BC2E724A87297000D21F6 /* LaunchScreen.storyboard */,
				F76BC2E924A87297000D21F6 /* Main.storyboard */,
			);
			path = SupportingFiles;
			sourceTree = "<group>";
		};
		F76BC2F024A872B1000D21F6 /* Entrance */ = {
			isa = PBXGroup;
			children = (
				F76BC2F124A872B1000D21F6 /* AppDelegate.swift */,
				F76BC2F224A872B1000D21F6 /* SceneDelegate.swift */,
			);
			path = Entrance;
			sourceTree = "<group>";
		};
		F76BC2F524A872E2000D21F6 /* DarkModeAdapterDemo */ = {
			isa = PBXGroup;
			children = (
				F7AC355A24BDE54900D9F4C2 /* SubPage */,
				F76BC2FF24A87913000D21F6 /* Setting */,
				F76BC2FE24A8790C000D21F6 /* Home */,
				F76BC2F924A872E8000D21F6 /* Extension */,
				F76BC2F624A872E2000D21F6 /* Main */,
			);
			path = DarkModeAdapterDemo;
			sourceTree = "<group>";
		};
		F76BC2F624A872E2000D21F6 /* Main */ = {
			isa = PBXGroup;
			children = (
				F76BC2F724A872E2000D21F6 /* TabBarController.swift */,
				F741E46924AEC55D00560B1B /* NavigationController.swift */,
			);
			path = Main;
			sourceTree = "<group>";
		};
		F76BC2F924A872E8000D21F6 /* Extension */ = {
			isa = PBXGroup;
			children = (
				F76BC2FA24A872FD000D21F6 /* Color+DarkMode.swift */,
				F7AC356A24BF4EBA00D9F4C2 /* AudioTool.swift */,
				F7AC358A24BFE71200D9F4C2 /* InfoManager.swift */,
			);
			path = Extension;
			sourceTree = "<group>";
		};
		F76BC2FE24A8790C000D21F6 /* Home */ = {
			isa = PBXGroup;
			children = (
				F76BC30024A8792E000D21F6 /* HomeViewController.swift */,
				F7AC356124BE960700D9F4C2 /* LessionIntroductionCell.swift */,
				F7AC356324BE967100D9F4C2 /* LessionIntroductionCell.xib */,
			);
			path = Home;
			sourceTree = "<group>";
		};
		F76BC2FF24A87913000D21F6 /* Setting */ = {
			isa = PBXGroup;
			children = (
				F76BC30224A8793A000D21F6 /* SettingViewController.swift */,
			);
			path = Setting;
			sourceTree = "<group>";
		};
		F7AC355A24BDE54900D9F4C2 /* SubPage */ = {
			isa = PBXGroup;
			children = (
				F7AC355B24BDE55400D9F4C2 /* Lessions */,
			);
			path = SubPage;
			sourceTree = "<group>";
		};
		F7AC355B24BDE55400D9F4C2 /* Lessions */ = {
			isa = PBXGroup;
			children = (
				F7AC355C24BDE58C00D9F4C2 /* LessionsController.swift */,
				F7AC356524BEB24C00D9F4C2 /* LessionsListCell.swift */,
				F7AC356C24BFD47300D9F4C2 /* LessionsListCell.xib */,
				F7AC355F24BDF23400D9F4C2 /* Lessions.storyboard */,
			);
			path = Lessions;
			sourceTree = "<group>";
		};
/* End PBXGroup section */

/* Begin PBXNativeTarget section */
		F76BC2C724A8352B000D21F6 /* DarkModeDemo */ = {
			isa = PBXNativeTarget;
			buildConfigurationList = F76BC2DC24A8352B000D21F6 /* Build configuration list for PBXNativeTarget "DarkModeDemo" */;
			buildPhases = (
				7C545C9D88B5EEFBD94A066E /* [CP] Check Pods Manifest.lock */,
				F76BC2C424A8352B000D21F6 /* Sources */,
				F76BC2C524A8352B000D21F6 /* Frameworks */,
				F76BC2C624A8352B000D21F6 /* Resources */,
				999676D7074D76E31A2913C3 /* [CP] Embed Pods Frameworks */,
			);
			buildRules = (
			);
			dependencies = (
			);
			name = DarkModeDemo;
			productName = DarkModeDemo;
			productReference = F76BC2C824A8352B000D21F6 /* DarkModeDemo.app */;
			productType = "com.apple.product-type.application";
		};
/* End PBXNativeTarget section */

/* Begin PBXProject section */
		F76BC2C024A8352A000D21F6 /* Project object */ = {
			isa = PBXProject;
			attributes = {
				CLASSPREFIX = "";
				LastSwiftUpdateCheck = 1150;
				LastUpgradeCheck = 1150;
				ORGANIZATIONNAME = ShenYj;
				TargetAttributes = {
					F76BC2C724A8352B000D21F6 = {
						CreatedOnToolsVersion = 11.5;
					};
				};
			};
			buildConfigurationList = F76BC2C324A8352A000D21F6 /* Build configuration list for PBXProject "DarkModeDemo" */;
			compatibilityVersion = "Xcode 9.3";
			developmentRegion = en;
			hasScannedForEncodings = 0;
			knownRegions = (
				en,
				Base,
			);
			mainGroup = F76BC2BF24A8352A000D21F6;
			productRefGroup = F76BC2C924A8352B000D21F6 /* Products */;
			projectDirPath = "";
			projectRoot = "";
			targets = (
				F76BC2C724A8352B000D21F6 /* DarkModeDemo */,
			);
		};
/* End PBXProject section */

/* Begin PBXResourcesBuildPhase section */
		F76BC2C624A8352B000D21F6 /* Resources */ = {
			isa = PBXResourcesBuildPhase;
			buildActionMask = 2147483647;
			files = (
				F7AC356424BE967100D9F4C2 /* LessionIntroductionCell.xib in Resources */,
				F7AC356D24BFD47300D9F4C2 /* LessionsListCell.xib in Resources */,
				F76BC2EE24A87297000D21F6 /* Main.storyboard in Resources */,
				F76BC2EC24A87297000D21F6 /* Assets.xcassets in Resources */,
				F7AC356024BDF23400D9F4C2 /* Lessions.storyboard in Resources */,
				F76BC2ED24A87297000D21F6 /* LaunchScreen.storyboard in Resources */,
			);
			runOnlyForDeploymentPostprocessing = 0;
		};
/* End PBXResourcesBuildPhase section */

/* Begin PBXShellScriptBuildPhase section */
		7C545C9D88B5EEFBD94A066E /* [CP] Check Pods Manifest.lock */ = {
			isa = PBXShellScriptBuildPhase;
			buildActionMask = 2147483647;
			files = (
			);
			inputFileListPaths = (
			);
			inputPaths = (
				"${PODS_PODFILE_DIR_PATH}/Podfile.lock",
				"${PODS_ROOT}/Manifest.lock",
			);
			name = "[CP] Check Pods Manifest.lock";
			outputFileListPaths = (
			);
			outputPaths = (
				"$(DERIVED_FILE_DIR)/Pods-DarkModeDemo-checkManifestLockResult.txt",
			);
			runOnlyForDeploymentPostprocessing = 0;
			shellPath = /bin/sh;
			shellScript = "diff \"${PODS_PODFILE_DIR_PATH}/Podfile.lock\" \"${PODS_ROOT}/Manifest.lock\" > /dev/null\nif [ $? != 0 ] ; then\n    # print error to STDERR\n    echo \"error: The sandbox is not in sync with the Podfile.lock. Run 'pod install' or update your CocoaPods installation.\" >&2\n    exit 1\nfi\n# This output is used by Xcode 'outputs' to avoid re-running this script phase.\necho \"SUCCESS\" > \"${SCRIPT_OUTPUT_FILE_0}\"\n";
			showEnvVarsInLog = 0;
		};
		999676D7074D76E31A2913C3 /* [CP] Embed Pods Frameworks */ = {
			isa = PBXShellScriptBuildPhase;
			buildActionMask = 2147483647;
			files = (
			);
			inputFileListPaths = (
				"${PODS_ROOT}/Target Support Files/Pods-DarkModeDemo/Pods-DarkModeDemo-frameworks-${CONFIGURATION}-input-files.xcfilelist",
			);
			name = "[CP] Embed Pods Frameworks";
			outputFileListPaths = (
				"${PODS_ROOT}/Target Support Files/Pods-DarkModeDemo/Pods-DarkModeDemo-frameworks-${CONFIGURATION}-output-files.xcfilelist",
			);
			runOnlyForDeploymentPostprocessing = 0;
			shellPath = /bin/sh;
			shellScript = "\"${PODS_ROOT}/Target Support Files/Pods-DarkModeDemo/Pods-DarkModeDemo-frameworks.sh\"\n";
			showEnvVarsInLog = 0;
		};
/* End PBXShellScriptBuildPhase section */

/* Begin PBXSourcesBuildPhase section */
		F76BC2C424A8352B000D21F6 /* Sources */ = {
			isa = PBXSourcesBuildPhase;
			buildActionMask = 2147483647;
			files = (
				F7AC355E24BDEEAD00D9F4C2 /* LessionsController.swift in Sources */,
				F76BC2FB24A872FD000D21F6 /* Color+DarkMode.swift in Sources */,
				F7AC356224BE960700D9F4C2 /* LessionIntroductionCell.swift in Sources */,
				F741E46A24AEC55D00560B1B /* NavigationController.swift in Sources */,
				F76BC30324A8793A000D21F6 /* SettingViewController.swift in Sources */,
				F7AC356624BEB24C00D9F4C2 /* LessionsListCell.swift in Sources */,
				F76BC2F424A872B2000D21F6 /* SceneDelegate.swift in Sources */,
				F76BC2F324A872B2000D21F6 /* AppDelegate.swift in Sources */,
				F76BC30124A8792E000D21F6 /* HomeViewController.swift in Sources */,
				F76BC2F824A872E2000D21F6 /* TabBarController.swift in Sources */,
				F7AC356B24BF4EBA00D9F4C2 /* AudioTool.swift in Sources */,
				F7AC358B24BFE71200D9F4C2 /* InfoManager.swift in Sources */,
			);
			runOnlyForDeploymentPostprocessing = 0;
		};
/* End PBXSourcesBuildPhase section */

/* Begin PBXVariantGroup section */
		F76BC2E724A87297000D21F6 /* LaunchScreen.storyboard */ = {
			isa = PBXVariantGroup;
			children = (
				F76BC2E824A87297000D21F6 /* Base */,
			);
			name = LaunchScreen.storyboard;
			sourceTree = "<group>";
		};
		F76BC2E924A87297000D21F6 /* Main.storyboard */ = {
			isa = PBXVariantGroup;
			children = (
				F76BC2EA24A87297000D21F6 /* Base */,
			);
			name = Main.storyboard;
			sourceTree = "<group>";
		};
/* End PBXVariantGroup section */

/* Begin XCBuildConfiguration section */
		F76BC2DA24A8352B000D21F6 /* Debug */ = {
			isa = XCBuildConfiguration;
			buildSettings = {
				ALWAYS_SEARCH_USER_PATHS = NO;
				CLANG_ANALYZER_NONNULL = YES;
				CLANG_ANALYZER_NUMBER_OBJECT_CONVERSION = YES_AGGRESSIVE;
				CLANG_CXX_LANGUAGE_STANDARD = "gnu++14";
				CLANG_CXX_LIBRARY = "libc++";
				CLANG_ENABLE_MODULES = YES;
				CLANG_ENABLE_OBJC_ARC = YES;
				CLANG_ENABLE_OBJC_WEAK = YES;
				CLANG_WARN_BLOCK_CAPTURE_AUTORELEASING = YES;
				CLANG_WARN_BOOL_CONVERSION = YES;
				CLANG_WARN_COMMA = YES;
				CLANG_WARN_CONSTANT_CONVERSION = YES;
				CLANG_WARN_DEPRECATED_OBJC_IMPLEMENTATIONS = YES;
				CLANG_WARN_DIRECT_OBJC_ISA_USAGE = YES_ERROR;
				CLANG_WARN_DOCUMENTATION_COMMENTS = YES;
				CLANG_WARN_EMPTY_BODY = YES;
				CLANG_WARN_ENUM_CONVERSION = YES;
				CLANG_WARN_INFINITE_RECURSION = YES;
				CLANG_WARN_INT_CONVERSION = YES;
				CLANG_WARN_NON_LITERAL_NULL_CONVERSION = YES;
				CLANG_WARN_OBJC_IMPLICIT_RETAIN_SELF = YES;
				CLANG_WARN_OBJC_LITERAL_CONVERSION = YES;
				CLANG_WARN_OBJC_ROOT_CLASS = YES_ERROR;
				CLANG_WARN_RANGE_LOOP_ANALYSIS = YES;
				CLANG_WARN_STRICT_PROTOTYPES = YES;
				CLANG_WARN_SUSPICIOUS_MOVE = YES;
				CLANG_WARN_UNGUARDED_AVAILABILITY = YES_AGGRESSIVE;
				CLANG_WARN_UNREACHABLE_CODE = YES;
				CLANG_WARN__DUPLICATE_METHOD_MATCH = YES;
				COPY_PHASE_STRIP = NO;
				DEBUG_INFORMATION_FORMAT = dwarf;
				ENABLE_STRICT_OBJC_MSGSEND = YES;
				ENABLE_TESTABILITY = YES;
				GCC_C_LANGUAGE_STANDARD = gnu11;
				GCC_DYNAMIC_NO_PIC = NO;
				GCC_NO_COMMON_BLOCKS = YES;
				GCC_OPTIMIZATION_LEVEL = 0;
				GCC_PREPROCESSOR_DEFINITIONS = (
					"DEBUG=1",
					"$(inherited)",
				);
				GCC_WARN_64_TO_32_BIT_CONVERSION = YES;
				GCC_WARN_ABOUT_RETURN_TYPE = YES_ERROR;
				GCC_WARN_UNDECLARED_SELECTOR = YES;
				GCC_WARN_UNINITIALIZED_AUTOS = YES_AGGRESSIVE;
				GCC_WARN_UNUSED_FUNCTION = YES;
				GCC_WARN_UNUSED_VARIABLE = YES;
				IPHONEOS_DEPLOYMENT_TARGET = 13.5;
				MTL_ENABLE_DEBUG_INFO = INCLUDE_SOURCE;
				MTL_FAST_MATH = YES;
				ONLY_ACTIVE_ARCH = YES;
				SDKROOT = iphoneos;
				SWIFT_ACTIVE_COMPILATION_CONDITIONS = DEBUG;
				SWIFT_OPTIMIZATION_LEVEL = "-Onone";
			};
			name = Debug;
		};
		F76BC2DB24A8352B000D21F6 /* Release */ = {
			isa = XCBuildConfiguration;
			buildSettings = {
				ALWAYS_SEARCH_USER_PATHS = NO;
				CLANG_ANALYZER_NONNULL = YES;
				CLANG_ANALYZER_NUMBER_OBJECT_CONVERSION = YES_AGGRESSIVE;
				CLANG_CXX_LANGUAGE_STANDARD = "gnu++14";
				CLANG_CXX_LIBRARY = "libc++";
				CLANG_ENABLE_MODULES = YES;
				CLANG_ENABLE_OBJC_ARC = YES;
				CLANG_ENABLE_OBJC_WEAK = YES;
				CLANG_WARN_BLOCK_CAPTURE_AUTORELEASING = YES;
				CLANG_WARN_BOOL_CONVERSION = YES;
				CLANG_WARN_COMMA = YES;
				CLANG_WARN_CONSTANT_CONVERSION = YES;
				CLANG_WARN_DEPRECATED_OBJC_IMPLEMENTATIONS = YES;
				CLANG_WARN_DIRECT_OBJC_ISA_USAGE = YES_ERROR;
				CLANG_WARN_DOCUMENTATION_COMMENTS = YES;
				CLANG_WARN_EMPTY_BODY = YES;
				CLANG_WARN_ENUM_CONVERSION = YES;
				CLANG_WARN_INFINITE_RECURSION = YES;
				CLANG_WARN_INT_CONVERSION = YES;
				CLANG_WARN_NON_LITERAL_NULL_CONVERSION = YES;
				CLANG_WARN_OBJC_IMPLICIT_RETAIN_SELF = YES;
				CLANG_WARN_OBJC_LITERAL_CONVERSION = YES;
				CLANG_WARN_OBJC_ROOT_CLASS = YES_ERROR;
				CLANG_WARN_RANGE_LOOP_ANALYSIS = YES;
				CLANG_WARN_STRICT_PROTOTYPES = YES;
				CLANG_WARN_SUSPICIOUS_MOVE = YES;
				CLANG_WARN_UNGUARDED_AVAILABILITY = YES_AGGRESSIVE;
				CLANG_WARN_UNREACHABLE_CODE = YES;
				CLANG_WARN__DUPLICATE_METHOD_MATCH = YES;
				COPY_PHASE_STRIP = NO;
				DEBUG_INFORMATION_FORMAT = "dwarf-with-dsym";
				ENABLE_NS_ASSERTIONS = NO;
				ENABLE_STRICT_OBJC_MSGSEND = YES;
				GCC_C_LANGUAGE_STANDARD = gnu11;
				GCC_NO_COMMON_BLOCKS = YES;
				GCC_WARN_64_TO_32_BIT_CONVERSION = YES;
				GCC_WARN_ABOUT_RETURN_TYPE = YES_ERROR;
				GCC_WARN_UNDECLARED_SELECTOR = YES;
				GCC_WARN_UNINITIALIZED_AUTOS = YES_AGGRESSIVE;
				GCC_WARN_UNUSED_FUNCTION = YES;
				GCC_WARN_UNUSED_VARIABLE = YES;
				IPHONEOS_DEPLOYMENT_TARGET = 13.5;
				MTL_ENABLE_DEBUG_INFO = NO;
				MTL_FAST_MATH = YES;
				SDKROOT = iphoneos;
				SWIFT_COMPILATION_MODE = wholemodule;
				SWIFT_OPTIMIZATION_LEVEL = "-O";
				VALIDATE_PRODUCT = YES;
			};
			name = Release;
		};
		F76BC2DD24A8352B000D21F6 /* Debug */ = {
			isa = XCBuildConfiguration;
			baseConfigurationReference = FD12026CFACC4482BFCC0890 /* Pods-DarkModeDemo.debug.xcconfig */;
			buildSettings = {
				ASSETCATALOG_COMPILER_APPICON_NAME = AppIcon;
				CODE_SIGN_STYLE = Automatic;
				DEVELOPMENT_TEAM = KS5QTFAS57;
				INFOPLIST_FILE = "$(PRODUCT_NAME)/SupportingFiles//Info.plist";
				IPHONEOS_DEPLOYMENT_TARGET = 11.0;
				LD_RUNPATH_SEARCH_PATHS = (
					"$(inherited)",
					"@executable_path/Frameworks",
				);
				PRODUCT_BUNDLE_IDENTIFIER = cn.com.ShenYj.DarkModeDemo;
				PRODUCT_NAME = "$(TARGET_NAME)";
				SWIFT_VERSION = 5.0;
				TARGETED_DEVICE_FAMILY = 1;
			};
			name = Debug;
		};
		F76BC2DE24A8352B000D21F6 /* Release */ = {
			isa = XCBuildConfiguration;
			baseConfigurationReference = 8A08043DE06A077FDBEC9AF0 /* Pods-DarkModeDemo.release.xcconfig */;
			buildSettings = {
				ASSETCATALOG_COMPILER_APPICON_NAME = AppIcon;
				CODE_SIGN_STYLE = Automatic;
				DEVELOPMENT_TEAM = KS5QTFAS57;
				INFOPLIST_FILE = "$(PRODUCT_NAME)/SupportingFiles//Info.plist";
				IPHONEOS_DEPLOYMENT_TARGET = 11.0;
				LD_RUNPATH_SEARCH_PATHS = (
					"$(inherited)",
					"@executable_path/Frameworks",
				);
				PRODUCT_BUNDLE_IDENTIFIER = cn.com.ShenYj.DarkModeDemo;
				PRODUCT_NAME = "$(TARGET_NAME)";
				SWIFT_VERSION = 5.0;
				TARGETED_DEVICE_FAMILY = 1;
			};
			name = Release;
		};
/* End XCBuildConfiguration section */

/* Begin XCConfigurationList section */
		F76BC2C324A8352A000D21F6 /* Build configuration list for PBXProject "DarkModeDemo" */ = {
			isa = XCConfigurationList;
			buildConfigurations = (
				F76BC2DA24A8352B000D21F6 /* Debug */,
				F76BC2DB24A8352B000D21F6 /* Release */,
			);
			defaultConfigurationIsVisible = 0;
			defaultConfigurationName = Release;
		};
		F76BC2DC24A8352B000D21F6 /* Build configuration list for PBXNativeTarget "DarkModeDemo" */ = {
			isa = XCConfigurationList;
			buildConfigurations = (
				F76BC2DD24A8352B000D21F6 /* Debug */,
				F76BC2DE24A8352B000D21F6 /* Release */,
			);
			defaultConfigurationIsVisible = 0;
			defaultConfigurationName = Release;
		};
/* End XCConfigurationList section */
	};
	rootObject = F76BC2C024A8352A000D21F6 /* Project object */;
}
